{
  "name": "themekit",
  "version": "2.0.0",
  "lockfileVersion": 1,
  "requires": true,
  "dependencies": {
    "@claviska/jquery-minicolors": {
      "version": "2.3.2",
      "resolved": "https://registry.npmjs.org/@claviska/jquery-minicolors/-/jquery-minicolors-2.3.2.tgz",
      "integrity": "sha512-I99KtBtxwye6m+cxZ4uPyIrTGTCK6SB5Zb4gVe54hX7mrSOfqeGs5BmVLUVBWjjRRtWjfBYTDavw8AvmyD9kcQ=="
    },
    "@fortawesome/fontawesome-free": {
      "version": "5.5.0",
      "resolved": "https://registry.npmjs.org/@fortawesome/fontawesome-free/-/fontawesome-free-5.5.0.tgz",
      "integrity": "sha512-p4lu0jfj5QN013ddArh99r3OXZ/fp9rbovs62LfaO70OMBsAXxtNd0lAq/97fitrscR0fqfd+/a5KNcp6Sh/0A==",
      "dev": true
    },
    "almond": {
      "version": "0.3.3",
      "resolved": "https://registry.npmjs.org/almond/-/almond-0.3.3.tgz",
      "integrity": "sha1-oOfJWsdiTWQXtElLHmi/9pMWiiA="
    },
    "amcharts3": {
      "version": "3.21.14",
      "resolved": "https://registry.npmjs.org/amcharts3/-/amcharts3-3.21.14.tgz",
      "integrity": "sha512-RnJdhla2UuoZ62ODlpiqc02SBASV3hsn8zp9i3SzUE3VRgHxaG1mAH09uJGfR9kq+Q1QbtTWd4MTS/ok22xZ9g=="
    },
    "ammap3": {
      "version": "3.21.14",
      "resolved": "https://registry.npmjs.org/ammap3/-/ammap3-3.21.14.tgz",
      "integrity": "sha512-FQEe8Przcjy1rQlulmKwb9IV+pVA1JyV2uvoX37z3MTEFjMCeBdxRad9JqnCRFJWQr5ExgZ6+EKGkBKh7ZN1/A=="
    },
    "bootstrap": {
      "version": "4.1.3",
      "resolved": "https://registry.npmjs.org/bootstrap/-/bootstrap-4.1.3.tgz",
      "integrity": "sha512-rDFIzgXcof0jDyjNosjv4Sno77X4KuPeFxG2XZZv1/Kc8DRVGVADdoQyyOVDwPqL36DDmtCQbrpMCqvpPLJQ0w=="
    },
    "bootstrap-slider": {
      "version": "10.3.2",
      "resolved": "https://registry.npmjs.org/bootstrap-slider/-/bootstrap-slider-10.3.2.tgz",
      "integrity": "sha512-81SOegSEW+0lPng/jsaUeFbQ8IcuGNSdkaOXOpu+hGp02A0XyfAAjg3dTAZ++Im4Ik8V2R04KOYuihG0S1t5TA=="
    },
    "bootstrap-tagsinput": {
      "version": "0.7.1",
      "resolved": "https://registry.npmjs.org/bootstrap-tagsinput/-/bootstrap-tagsinput-0.7.1.tgz",
      "integrity": "sha1-/+Owa74qEGlF7ygUVoAFqU8hGTc="
    },
    "c3": {
      "version": "0.6.8",
      "resolved": "https://registry.npmjs.org/c3/-/c3-0.6.8.tgz",
      "integrity": "sha512-HI1cAalsnwy9FJk8cywJ9jD0eIo8lb+9Ms2btz0bHVDU4UuGRPQcTcso2tCVg+Zdh6fa5vGkHcq/rVcSPo8a9w==",
      "requires": {
        "d3": "^5.0.0"
      }
    },
    "chartist": {
      "version": "0.11.0",
      "resolved": "https://registry.npmjs.org/chartist/-/chartist-0.11.0.tgz",
      "integrity": "sha1-hLpeBUkNCW2T3PqTQ+vDHvajvSg="
    },
    "commander": {
      "version": "2.19.0",
      "resolved": "https://registry.npmjs.org/commander/-/commander-2.19.0.tgz",
      "integrity": "sha512-6tvAOO+D6OENvRAh524Dh9jcfKTYDQAqvqezbCW82xj5X0pSrcpxtvRKHLG0yBY6SD7PSDrJaj+0AiOcKVd1Xg=="
    },
    "d3": {
      "version": "5.7.0",
      "resolved": "https://registry.npmjs.org/d3/-/d3-5.7.0.tgz",
      "integrity": "sha512-8KEIfx+dFm8PlbJN9PI0suazrZ41QcaAufsKE9PRcqYPWLngHIyWJZX96n6IQKePGgeSu0l7rtlueSSNq8Zc3g==",
      "requires": {
        "d3-array": "1",
        "d3-axis": "1",
        "d3-brush": "1",
        "d3-chord": "1",
        "d3-collection": "1",
        "d3-color": "1",
        "d3-contour": "1",
        "d3-dispatch": "1",
        "d3-drag": "1",
        "d3-dsv": "1",
        "d3-ease": "1",
        "d3-fetch": "1",
        "d3-force": "1",
        "d3-format": "1",
        "d3-geo": "1",
        "d3-hierarchy": "1",
        "d3-interpolate": "1",
        "d3-path": "1",
        "d3-polygon": "1",
        "d3-quadtree": "1",
        "d3-random": "1",
        "d3-scale": "2",
        "d3-scale-chromatic": "1",
        "d3-selection": "1",
        "d3-shape": "1",
        "d3-time": "1",
        "d3-time-format": "2",
        "d3-timer": "1",
        "d3-transition": "1",
        "d3-voronoi": "1",
        "d3-zoom": "1"
      }
    },
    "d3-array": {
      "version": "1.2.4",
      "resolved": "https://registry.npmjs.org/d3-array/-/d3-array-1.2.4.tgz",
      "integrity": "sha512-KHW6M86R+FUPYGb3R5XiYjXPq7VzwxZ22buHhAEVG5ztoEcZZMLov530mmccaqA1GghZArjQV46fuc8kUqhhHw=="
    },
    "d3-axis": {
      "version": "1.0.12",
      "resolved": "https://registry.npmjs.org/d3-axis/-/d3-axis-1.0.12.tgz",
      "integrity": "sha512-ejINPfPSNdGFKEOAtnBtdkpr24c4d4jsei6Lg98mxf424ivoDP2956/5HDpIAtmHo85lqT4pruy+zEgvRUBqaQ=="
    },
    "d3-brush": {
      "version": "1.0.6",
      "resolved": "https://registry.npmjs.org/d3-brush/-/d3-brush-1.0.6.tgz",
      "integrity": "sha512-lGSiF5SoSqO5/mYGD5FAeGKKS62JdA1EV7HPrU2b5rTX4qEJJtpjaGLJngjnkewQy7UnGstnFd3168wpf5z76w==",
      "requires": {
        "d3-dispatch": "1",
        "d3-drag": "1",
        "d3-interpolate": "1",
        "d3-selection": "1",
        "d3-transition": "1"
      }
    },
    "d3-chord": {
      "version": "1.0.6",
      "resolved": "https://registry.npmjs.org/d3-chord/-/d3-chord-1.0.6.tgz",
      "integrity": "sha512-JXA2Dro1Fxw9rJe33Uv+Ckr5IrAa74TlfDEhE/jfLOaXegMQFQTAgAw9WnZL8+HxVBRXaRGCkrNU7pJeylRIuA==",
      "requires": {
        "d3-array": "1",
        "d3-path": "1"
      }
    },
    "d3-collection": {
      "version": "1.0.7",
      "resolved": "https://registry.npmjs.org/d3-collection/-/d3-collection-1.0.7.tgz",
      "integrity": "sha512-ii0/r5f4sjKNTfh84Di+DpztYwqKhEyUlKoPrzUFfeSkWxjW49xU2QzO9qrPrNkpdI0XJkfzvmTu8V2Zylln6A=="
    },
    "d3-color": {
      "version": "1.2.3",
      "resolved": "https://registry.npmjs.org/d3-color/-/d3-color-1.2.3.tgz",
      "integrity": "sha512-x37qq3ChOTLd26hnps36lexMRhNXEtVxZ4B25rL0DVdDsGQIJGB18S7y9XDwlDD6MD/ZBzITCf4JjGMM10TZkw=="
    },
    "d3-contour": {
      "version": "1.3.2",
      "resolved": "https://registry.npmjs.org/d3-contour/-/d3-contour-1.3.2.tgz",
      "integrity": "sha512-hoPp4K/rJCu0ladiH6zmJUEz6+u3lgR+GSm/QdM2BBvDraU39Vr7YdDCicJcxP1z8i9B/2dJLgDC1NcvlF8WCg==",
      "requires": {
        "d3-array": "^1.1.1"
      }
    },
    "d3-dispatch": {
      "version": "1.0.5",
      "resolved": "https://registry.npmjs.org/d3-dispatch/-/d3-dispatch-1.0.5.tgz",
      "integrity": "sha512-vwKx+lAqB1UuCeklr6Jh1bvC4SZgbSqbkGBLClItFBIYH4vqDJCA7qfoy14lXmJdnBOdxndAMxjCbImJYW7e6g=="
    },
    "d3-drag": {
      "version": "1.2.3",
      "resolved": "https://registry.npmjs.org/d3-drag/-/d3-drag-1.2.3.tgz",
      "integrity": "sha512-8S3HWCAg+ilzjJsNtWW1Mutl74Nmzhb9yU6igspilaJzeZVFktmY6oO9xOh5TDk+BM2KrNFjttZNoJJmDnkjkg==",
      "requires": {
        "d3-dispatch": "1",
        "d3-selection": "1"
      }
    },
    "d3-dsv": {
      "version": "1.0.10",
      "resolved": "https://registry.npmjs.org/d3-dsv/-/d3-dsv-1.0.10.tgz",
      "integrity": "sha512-vqklfpxmtO2ZER3fq/B33R/BIz3A1PV0FaZRuFM8w6jLo7sUX1BZDh73fPlr0s327rzq4H6EN1q9U+eCBCSN8g==",
      "requires": {
        "commander": "2",
        "iconv-lite": "0.4",
        "rw": "1"
      }
    },
    "d3-ease": {
      "version": "1.0.5",
      "resolved": "https://registry.npmjs.org/d3-ease/-/d3-ease-1.0.5.tgz",
      "integrity": "sha512-Ct1O//ly5y5lFM9YTdu+ygq7LleSgSE4oj7vUt9tPLHUi8VCV7QoizGpdWRWAwCO9LdYzIrQDg97+hGVdsSGPQ=="
    },
    "d3-fetch": {
      "version": "1.1.2",
      "resolved": "https://registry.npmjs.org/d3-fetch/-/d3-fetch-1.1.2.tgz",
      "integrity": "sha512-S2loaQCV/ZeyTyIF2oP8D1K9Z4QizUzW7cWeAOAS4U88qOt3Ucf6GsmgthuYSdyB2HyEm4CeGvkQxWsmInsIVA==",
      "requires": {
        "d3-dsv": "1"
      }
    },
    "d3-force": {
      "version": "1.1.2",
      "resolved": "https://registry.npmjs.org/d3-force/-/d3-force-1.1.2.tgz",
      "integrity": "sha512-p1vcHAUF1qH7yR+e8ip7Bs61AHjLeKkIn8Z2gzwU2lwEf2wkSpWdjXG0axudTHsVFnYGlMkFaEsVy2l8tAg1Gw==",
      "requires": {
        "d3-collection": "1",
        "d3-dispatch": "1",
        "d3-quadtree": "1",
        "d3-timer": "1"
      }
    },
    "d3-format": {
      "version": "1.3.2",
      "resolved": "https://registry.npmjs.org/d3-format/-/d3-format-1.3.2.tgz",
      "integrity": "sha512-Z18Dprj96ExragQ0DeGi+SYPQ7pPfRMtUXtsg/ChVIKNBCzjO8XYJvRTC1usblx52lqge56V5ect+frYTQc8WQ=="
    },
    "d3-geo": {
      "version": "1.11.1",
      "resolved": "https://registry.npmjs.org/d3-geo/-/d3-geo-1.11.1.tgz",
      "integrity": "sha512-GsG7x9G9sykseLviOVSJ3h5yjw0ItLopOtuDQKUt1TRklEegCw5WAmnIpYYiCkSH/QgUMleAeE2xZK38Qb+1+Q==",
      "requires": {
        "d3-array": "1"
      }
    },
    "d3-hierarchy": {
      "version": "1.1.8",
      "resolved": "https://registry.npmjs.org/d3-hierarchy/-/d3-hierarchy-1.1.8.tgz",
      "integrity": "sha512-L+GHMSZNwTpiq4rt9GEsNcpLa4M96lXMR8M/nMG9p5hBE0jy6C+3hWtyZMenPQdwla249iJy7Nx0uKt3n+u9+w=="
    },
    "d3-interpolate": {
      "version": "1.3.2",
      "resolved": "https://registry.npmjs.org/d3-interpolate/-/d3-interpolate-1.3.2.tgz",
      "integrity": "sha512-NlNKGopqaz9qM1PXh9gBF1KSCVh+jSFErrSlD/4hybwoNX/gt1d8CDbDW+3i+5UOHhjC6s6nMvRxcuoMVNgL2w==",
      "requires": {
        "d3-color": "1"
      }
    },
    "d3-path": {
      "version": "1.0.7",
      "resolved": "https://registry.npmjs.org/d3-path/-/d3-path-1.0.7.tgz",
      "integrity": "sha512-q0cW1RpvA5c5ma2rch62mX8AYaiLX0+bdaSM2wxSU9tXjU4DNvkx9qiUvjkuWCj3p22UO/hlPivujqMiR9PDzA=="
    },
    "d3-polygon": {
      "version": "1.0.5",
      "resolved": "https://registry.npmjs.org/d3-polygon/-/d3-polygon-1.0.5.tgz",
      "integrity": "sha512-RHhh1ZUJZfhgoqzWWuRhzQJvO7LavchhitSTHGu9oj6uuLFzYZVeBzaWTQ2qSO6bz2w55RMoOCf0MsLCDB6e0w=="
    },
    "d3-quadtree": {
      "version": "1.0.5",
      "resolved": "https://registry.npmjs.org/d3-quadtree/-/d3-quadtree-1.0.5.tgz",
      "integrity": "sha512-U2tjwDFbZ75JRAg8A+cqMvqPg1G3BE7UTJn3h8DHjY/pnsAfWdbJKgyfcy7zKjqGtLAmI0q8aDSeG1TVIKRaHQ=="
    },
    "d3-random": {
      "version": "1.1.2",
      "resolved": "https://registry.npmjs.org/d3-random/-/d3-random-1.1.2.tgz",
      "integrity": "sha512-6AK5BNpIFqP+cx/sreKzNjWbwZQCSUatxq+pPRmFIQaWuoD+NrbVWw7YWpHiXpCQ/NanKdtGDuB+VQcZDaEmYQ=="
    },
    "d3-scale": {
      "version": "2.1.2",
      "resolved": "https://registry.npmjs.org/d3-scale/-/d3-scale-2.1.2.tgz",
      "integrity": "sha512-bESpd64ylaKzCDzvULcmHKZTlzA/6DGSVwx7QSDj/EnX9cpSevsdiwdHFYI9ouo9tNBbV3v5xztHS2uFeOzh8Q==",
      "requires": {
        "d3-array": "^1.2.0",
        "d3-collection": "1",
        "d3-format": "1",
        "d3-interpolate": "1",
        "d3-time": "1",
        "d3-time-format": "2"
      }
    },
    "d3-scale-chromatic": {
      "version": "1.3.3",
      "resolved": "https://registry.npmjs.org/d3-scale-chromatic/-/d3-scale-chromatic-1.3.3.tgz",
      "integrity": "sha512-BWTipif1CimXcYfT02LKjAyItX5gKiwxuPRgr4xM58JwlLocWbjPLI7aMEjkcoOQXMkYsmNsvv3d2yl/OKuHHw==",
      "requires": {
        "d3-color": "1",
        "d3-interpolate": "1"
      }
    },
    "d3-selection": {
      "version": "1.3.2",
      "resolved": "https://registry.npmjs.org/d3-selection/-/d3-selection-1.3.2.tgz",
      "integrity": "sha512-OoXdv1nZ7h2aKMVg3kaUFbLLK5jXUFAMLD/Tu5JA96mjf8f2a9ZUESGY+C36t8R1WFeWk/e55hy54Ml2I62CRQ=="
    },
    "d3-shape": {
      "version": "1.2.2",
      "resolved": "https://registry.npmjs.org/d3-shape/-/d3-shape-1.2.2.tgz",
      "integrity": "sha512-hUGEozlKecFZ2bOSNt7ENex+4Tk9uc/m0TtTEHBvitCBxUNjhzm5hS2GrrVRD/ae4IylSmxGeqX5tWC2rASMlQ==",
      "requires": {
        "d3-path": "1"
      }
    },
    "d3-time": {
      "version": "1.0.10",
      "resolved": "https://registry.npmjs.org/d3-time/-/d3-time-1.0.10.tgz",
      "integrity": "sha512-hF+NTLCaJHF/JqHN5hE8HVGAXPStEq6/omumPE/SxyHVrR7/qQxusFDo0t0c/44+sCGHthC7yNGFZIEgju0P8g=="
    },
    "d3-time-format": {
      "version": "2.1.3",
      "resolved": "https://registry.npmjs.org/d3-time-format/-/d3-time-format-2.1.3.tgz",
      "integrity": "sha512-6k0a2rZryzGm5Ihx+aFMuO1GgelgIz+7HhB4PH4OEndD5q2zGn1mDfRdNrulspOfR6JXkb2sThhDK41CSK85QA==",
      "requires": {
        "d3-time": "1"
      }
    },
    "d3-timer": {
      "version": "1.0.9",
      "resolved": "https://registry.npmjs.org/d3-timer/-/d3-timer-1.0.9.tgz",
      "integrity": "sha512-rT34J5HnQUHhcLvhSB9GjCkN0Ddd5Y8nCwDBG2u6wQEeYxT/Lf51fTFFkldeib/sE/J0clIe0pnCfs6g/lRbyg=="
    },
    "d3-transition": {
      "version": "1.1.3",
      "resolved": "https://registry.npmjs.org/d3-transition/-/d3-transition-1.1.3.tgz",
      "integrity": "sha512-tEvo3qOXL6pZ1EzcXxFcPNxC/Ygivu5NoBY6mbzidATAeML86da+JfVIUzon3dNM6UX6zjDx+xbYDmMVtTSjuA==",
      "requires": {
        "d3-color": "1",
        "d3-dispatch": "1",
        "d3-ease": "1",
        "d3-interpolate": "1",
        "d3-selection": "^1.1.0",
        "d3-timer": "1"
      }
    },
    "d3-voronoi": {
      "version": "1.1.4",
      "resolved": "https://registry.npmjs.org/d3-voronoi/-/d3-voronoi-1.1.4.tgz",
      "integrity": "sha512-dArJ32hchFsrQ8uMiTBLq256MpnZjeuBtdHpaDlYuQyjU0CVzCJl/BVW+SkszaAeH95D/8gxqAhgx0ouAWAfRg=="
    },
    "d3-zoom": {
      "version": "1.7.3",
      "resolved": "https://registry.npmjs.org/d3-zoom/-/d3-zoom-1.7.3.tgz",
      "integrity": "sha512-xEBSwFx5Z9T3/VrwDkMt+mr0HCzv7XjpGURJ8lWmIC8wxe32L39eWHIasEe/e7Ox8MPU4p1hvH8PKN2olLzIBg==",
      "requires": {
        "d3-dispatch": "1",
        "d3-drag": "1",
        "d3-interpolate": "1",
        "d3-selection": "1",
        "d3-transition": "1"
      }
    },
    "datatables.net": {
      "version": "1.11.3",
      "resolved": "https://registry.npmjs.org/datatables.net/-/datatables.net-1.11.3.tgz",
      "integrity": "sha512-VMj5qEaTebpNurySkM6jy6sGpl+s6onPK8xJhYr296R/vUBnz1+id16NVqNf9z5aR076OGcpGHCuiTuy4E05oQ==",
      "requires": {
        "jquery": ">=1.7"
      }
    },
    "datatables.net-bs4": {
      "version": "1.10.19",
      "resolved": "https://registry.npmjs.org/datatables.net-bs4/-/datatables.net-bs4-1.10.19.tgz",
      "integrity": "sha512-pgeP17w4aPR7HIxIwuJghfqXULjdg1K6xMUUKDyCERJRSNNK4MRToFfELtIsluLNN555YBK4Kx8nihX5/ZT1Fw==",
      "requires": {
        "datatables.net": "1.10.19",
        "jquery": ">=1.7"
      },
      "dependencies": {
        "datatables.net": {
          "version": "1.10.19",
          "resolved": "https://registry.npmjs.org/datatables.net/-/datatables.net-1.10.19.tgz",
          "integrity": "sha512-+ljXcI6Pj3PTGy5pesp3E5Dr3x3AV45EZe0o1r0gKENN2gafBKXodVnk2ypKwl2tTmivjxbkiqoWnipTefyBTA==",
          "requires": {
            "jquery": ">=1.7"
          }
        }
      }
    },
    "datatables.net-responsive": {
      "version": "2.2.3",
      "resolved": "https://registry.npmjs.org/datatables.net-responsive/-/datatables.net-responsive-2.2.3.tgz",
      "integrity": "sha512-8D6VtZcyuH3FG0Hn5A4LPZQEOX3+HrRFM7HjpmsQc/nQDBbdeBLkJX4Sh/o1nzFTSneuT1Wh/lYZHVPpjcN+Sw==",
      "requires": {
        "datatables.net": "^1.10.15",
        "jquery": ">=1.7"
      }
    },
    "datatables.net-responsive-bs4": {
      "version": "2.2.3",
      "resolved": "https://registry.npmjs.org/datatables.net-responsive-bs4/-/datatables.net-responsive-bs4-2.2.3.tgz",
      "integrity": "sha512-SQaWI0uLuPcaiBBin9zX+MuQfTSIkK1bYxbXqUV6NLkHCVa6PMQK7Rvftj0ywG4R7uOtjbzY8nSVqxEKvQI0Vg==",
      "requires": {
        "datatables.net-bs4": "^1.10.15",
        "datatables.net-responsive": "2.2.3",
        "jquery": ">=1.7"
      }
    },
    "datedropper": {
      "version": "2.0.0",
      "resolved": "https://registry.npmjs.org/datedropper/-/datedropper-2.0.0.tgz",
      "integrity": "sha1-s/o4vQb5jcjomc4l+LafU26lNrE="
    },
    "es6-object-assign": {
      "version": "1.1.0",
      "resolved": "https://registry.npmjs.org/es6-object-assign/-/es6-object-assign-1.1.0.tgz",
      "integrity": "sha1-wsNYJlYkfDnqEHyx5mUrb58kUjw="
    },
    "flot-charts": {
      "version": "0.8.3",
      "resolved": "https://registry.npmjs.org/flot-charts/-/flot-charts-0.8.3.tgz",
      "integrity": "sha1-PMrVcNdI+eF087MjeMCrwYJ0bDs="
    },
    "flot.curvedlines": {
      "version": "1.1.1",
      "resolved": "https://registry.npmjs.org/flot.curvedlines/-/flot.curvedlines-1.1.1.tgz",
      "integrity": "sha1-7JQ+07dWtTIusdVmMipWBiddAdA="
    },
    "fullcalendar": {
      "version": "3.9.0",
      "resolved": "http://registry.npmjs.org/fullcalendar/-/fullcalendar-3.9.0.tgz",
      "integrity": "sha512-bbALDK8+SBqluv8SKPDeVNtaSr87NYblte/pRgV5NnDJWCEARpRlQ1qQ/XEakcAXbMZov6rWYIvLOrtKwQo2Bg==",
      "requires": {
        "jquery": "2 - 3",
        "moment": "^2.20.1"
      }
    },
    "icon-kit": {
      "version": "1.0.0",
      "resolved": "https://registry.npmjs.org/icon-kit/-/icon-kit-1.0.0.tgz",
      "integrity": "sha512-LVKkRW4gooAQwi7ZT3S+WiKkQxfwHnVdDvnS5M0EMXfjZlHbImf06aKYSt1bYL4k/hPC8vNacI7G5m2tB4wa4w=="
    },
    "iconv-lite": {
      "version": "0.4.24",
      "resolved": "https://registry.npmjs.org/iconv-lite/-/iconv-lite-0.4.24.tgz",
      "integrity": "sha512-v3MXnZAcvnywkTUEZomIActle7RXXeedOR31wwl7VlyoXO4Qi9arvSenNQWne1TcRwhCL1HwLI21bEqdpj8/rA==",
      "requires": {
        "safer-buffer": ">= 2.1.2 < 3"
      }
    },
    "ionicons": {
      "version": "4.4.6",
      "resolved": "https://registry.npmjs.org/ionicons/-/ionicons-4.4.6.tgz",
      "integrity": "sha512-X+HRyn6Y0HXxSEjIOSH+p7He8QEaAJj3644Ce+MBFVwA8GHbTaPQcA/hO/L9AxzERrOd5UtN1JkgD1TSgPR7IA=="
    },
    "jquery": {
      "version": "3.3.1",
      "resolved": "https://registry.npmjs.org/jquery/-/jquery-3.3.1.tgz",
      "integrity": "sha512-Ubldcmxp5np52/ENotGxlLe6aGMvmF4R8S6tZjsP6Knsaxd/xp3Zrh50cG93lR6nPXyUFwzN3ZSOQI0wRJNdGg=="
    },
    "jquery-bar-rating": {
      "version": "1.2.2",
      "resolved": "https://registry.npmjs.org/jquery-bar-rating/-/jquery-bar-rating-1.2.2.tgz",
      "integrity": "sha1-lZTWYs/53rD+ezclEbskkqQ285I=",
      "requires": {
        "jquery": ">=1.7.2"
      }
    },
    "jquery-knob": {
      "version": "1.2.11",
      "resolved": "https://registry.npmjs.org/jquery-knob/-/jquery-knob-1.2.11.tgz",
      "integrity": "sha1-83w528HHpqbBLNsu1Pa/+2g/ENY="
    },
    "jquery-mousewheel": {
      "version": "3.1.13",
      "resolved": "https://registry.npmjs.org/jquery-mousewheel/-/jquery-mousewheel-3.1.13.tgz",
      "integrity": "sha1-BvAzXxbjU6aV5yBr9QUDy1I6buU="
    },
    "jquery-toast-plugin": {
      "version": "1.3.2",
      "resolved": "https://registry.npmjs.org/jquery-toast-plugin/-/jquery-toast-plugin-1.3.2.tgz",
      "integrity": "sha512-0j/nfqA2FHFuJXp8QL33EVVCY//TDVfq4LULhTbasZYl2aZlX6YiSF5IGrI31dQiS9S4JkXBUfX3rMJcfl/u/g=="
    },
    "jquery.flot.tooltip": {
      "version": "0.9.0",
      "resolved": "https://registry.npmjs.org/jquery.flot.tooltip/-/jquery.flot.tooltip-0.9.0.tgz",
      "integrity": "sha1-rha/lLJsLtmrTbFnu6Ut/bYVwd8="
    },
    "jquery.repeater": {
      "version": "1.2.1",
      "resolved": "https://registry.npmjs.org/jquery.repeater/-/jquery.repeater-1.2.1.tgz",
      "integrity": "sha1-6ihKaTdL9EeNwuYK9ecFsWnLFRQ="
    },
    "jvectormap": {
      "version": "2.0.4",
      "resolved": "https://registry.npmjs.org/jvectormap/-/jvectormap-2.0.4.tgz",
      "integrity": "sha1-eRPhV3KFwVbtoVZDD5DtWtoGjks=",
      "requires": {
        "jquery": ">=1.5"
      }
    },
    "mohithg-switchery": {
      "version": "0.8.4",
      "resolved": "https://registry.npmjs.org/mohithg-switchery/-/mohithg-switchery-0.8.4.tgz",
      "integrity": "sha512-mHy1FbuB3WqVNHxqz/9u1RZyDiDH9pfR7BTorkina6PPIeITtEvW7ADTYD0wgVqnlkJXuiMPeR+YZm1lUrDfkg=="
    },
    "moment": {
      "version": "2.22.2",
      "resolved": "https://registry.npmjs.org/moment/-/moment-2.22.2.tgz",
      "integrity": "sha1-PCV/mDn8DpP/UxSWMiOeuQeD/2Y="
    },
    "moment-timezone": {
      "version": "0.5.23",
      "resolved": "https://registry.npmjs.org/moment-timezone/-/moment-timezone-0.5.23.tgz",
      "integrity": "sha512-WHFH85DkCfiNMDX5D3X7hpNH3/PUhjTGcD0U1SgfBGZxJ3qUmJh5FdvaFjcClxOvB3rzdfj4oRffbI38jEnC1w==",
      "requires": {
        "moment": ">= 2.9.0"
      }
    },
    "nestable": {
      "version": "0.2.0",
      "resolved": "https://registry.npmjs.org/nestable/-/nestable-0.2.0.tgz",
      "integrity": "sha1-m75F5R9hNfw/sIRf32sQFnpwAJw="
    },
    "owl.carousel": {
      "version": "2.3.4",
      "resolved": "https://registry.npmjs.org/owl.carousel/-/owl.carousel-2.3.4.tgz",
      "integrity": "sha512-JaDss9+feAvEW8KZppPSpllfposEzQiW+Ytt/Xm5t/3CTJ7YVmkh6RkWixoA2yXk2boIwedYxOvrrppIGzru9A==",
      "requires": {
        "jquery": ">=1.8.3"
      }
    },
    "perfect-scrollbar": {
      "version": "1.4.0",
      "resolved": "https://registry.npmjs.org/perfect-scrollbar/-/perfect-scrollbar-1.4.0.tgz",
      "integrity": "sha512-/2Sk/khljhdrsamjJYS5NjrH+GKEHEwh7zFSiYyxROyYKagkE4kSn2zDQDRTOMo8mpT2jikxx6yI1dG7lNP/hw=="
    },
    "popper.js": {
      "version": "1.14.5",
      "resolved": "https://registry.npmjs.org/popper.js/-/popper.js-1.14.5.tgz",
      "integrity": "sha512-fs4Sd8bZLgEzrk8aS7Em1qh+wcawtE87kRUJQhK6+LndyV1HerX7+LURzAylVaTyWIn5NTB/lyjnWqw/AZ6Yrw=="
    },
    "promise-polyfill": {
      "version": "6.1.0",
      "resolved": "https://registry.npmjs.org/promise-polyfill/-/promise-polyfill-6.1.0.tgz",
      "integrity": "sha1-36lpQ+qcEh/KTem1hoyznTRy4Fc="
    },
    "rw": {
      "version": "1.3.3",
      "resolved": "https://registry.npmjs.org/rw/-/rw-1.3.3.tgz",
      "integrity": "sha1-P4Yt+pGrdmsUiF700BEkv9oHT7Q="
    },
    "safer-buffer": {
      "version": "2.1.2",
      "resolved": "https://registry.npmjs.org/safer-buffer/-/safer-buffer-2.1.2.tgz",
      "integrity": "sha512-YZo3K82SD7Riyi0E1EQPojLz7kpepnSQI9IyPbHHg1XXXevb5dJI7tpyN2ADxGcQbHG7vcyRHk0cbwqcQriUtg=="
    },
    "screenfull": {
      "version": "3.3.3",
      "resolved": "https://registry.npmjs.org/screenfull/-/screenfull-3.3.3.tgz",
      "integrity": "sha512-DzYUuXr+OV2BDvYXaYzlYgJd4WXZZ2CW5NFC7Kw6TUCpzXJAx4MwlVD6CH+Mu6fi8rfAQIQfqdFZ4jtDsEkWig=="
    },
    "select2": {
      "version": "4.0.6-rc.1",
      "resolved": "https://registry.npmjs.org/select2/-/select2-4.0.6-rc.1.tgz",
      "integrity": "sha1-qmwwOKfw8ukf+t448KIcFeGBMnY=",
      "requires": {
        "almond": "~0.3.1",
        "jquery-mousewheel": "~3.1.13"
      }
    },
    "summernote": {
      "version": "0.8.10",
      "resolved": "https://registry.npmjs.org/summernote/-/summernote-0.8.10.tgz",
      "integrity": "sha512-1b4ESCiY9HW+12HYXCntjbThVgeYNaYKfKL7pC4Jqjo/WDS4G4mMtd2kPuCw56HxeRT67d+zlehopaE+M4o6aQ=="
    },
    "sweetalert": {
      "version": "2.1.2",
      "resolved": "https://registry.npmjs.org/sweetalert/-/sweetalert-2.1.2.tgz",
      "integrity": "sha512-iWx7X4anRBNDa/a+AdTmvAzQtkN1+s4j/JJRWlHpYE8Qimkohs8/XnFcWeYHH2lMA8LRCa5tj2d244If3S/hzA==",
      "requires": {
        "es6-object-assign": "^1.1.0",
        "promise-polyfill": "^6.0.2"
      }
    },
    "tempusdominus-bootstrap-4": {
      "version": "5.1.2",
      "resolved": "https://registry.npmjs.org/tempusdominus-bootstrap-4/-/tempusdominus-bootstrap-4-5.1.2.tgz",
      "integrity": "sha512-ksD8qc4wOJeE19wvryXmEpRzMUSZu4wSOdG6zKSn8l4ccad16249KOX1j0CccyZpuuES/n4FLqLAUB+Dd1LTBA==",
      "requires": {
        "bootstrap": ">=4.1.2",
        "jquery": "^3.0",
        "moment": "^2.22.2",
        "moment-timezone": "^0.5.11",
        "popper.js": "^1.14.3"
      }
    },
    "weather-icons": {
      "version": "1.3.2",
      "resolved": "https://registry.npmjs.org/weather-icons/-/weather-icons-1.3.2.tgz",
      "integrity": "sha1-isAA+ShYQnJSuAzFega/qCeQCsA="
    }
  }
}
